
Microsoft Visual Studio Solution File, Format Version 12.00
# Visual Studio 15
VisualStudioVersion = 15.0.28010.2016
MinimumVisualStudioVersion = 10.0.40219.1
Project("{9A19103F-16F7-4668-BE54-9A1E7A4F7556}") = "Hbb0b0.Gateway", "Hbb0b0.Gateway\Hbb0b0.Gateway.csproj", "{C098299A-0C7D-4AA7-A2D6-6D6843AFF1EC}"
EndProject
Project("{FAE04EC0-301F-11D3-BF4B-00C04F79EFBC}") = "Hbb0b0.ApiServer1", "Hbb0b0.ApiServer1\Hbb0b0.ApiServer1.csproj", "{5F5500F4-A2D5-4DDA-9B88-336356D5A46B}"
EndProject
Project("{FAE04EC0-301F-11D3-BF4B-00C04F79EFBC}") = "Hbb0b0.ApiServer2", "Hbb0b0.ApiServer2\Hbb0b0.ApiServer2.csproj", "{7D15BB88-E944-46BF-8CA1-DA12818D28D7}"
EndProject
Global
	GlobalSection(SolutionConfigurationPlatforms) = preSolution
		Debug|Any CPU = Debug|Any CPU
		Release|Any CPU = Release|Any CPU
	EndGlobalSection
	GlobalSection(ProjectConfigurationPlatforms) = postSolution
		{C098299A-0C7D-4AA7-A2D6-6D6843AFF1EC}.Debug|Any CPU.ActiveCfg = Debug|Any CPU
		{C098299A-0C7D-4AA7-A2D6-6D6843AFF1EC}.Debug|Any CPU.Build.0 = Debug|Any CPU
		{C098299A-0C7D-4AA7-A2D6-6D6843AFF1EC}.Release|Any CPU.ActiveCfg = Release|Any CPU
		{C098299A-0C7D-4AA7-A2D6-6D6843AFF1EC}.Release|Any CPU.Build.0 = Release|Any CPU
		{5F5500F4-A2D5-4DDA-9B88-336356D5A46B}.Debug|Any CPU.ActiveCfg = Debug|Any CPU
		{5F5500F4-A2D5-4DDA-9B88-336356D5A46B}.Debug|Any CPU.Build.0 = Debug|Any CPU
		{5F5500F4-A2D5-4DDA-9B88-336356D5A46B}.Release|Any CPU.ActiveCfg = Release|Any CPU
		{5F5500F4-A2D5-4DDA-9B88-336356D5A46B}.Release|Any CPU.Build.0 = Release|Any CPU
		{7D15BB88-E944-46BF-8CA1-DA12818D28D7}.Debug|Any CPU.ActiveCfg = Debug|Any CPU
		{7D15BB88-E944-46BF-8CA1-DA12818D28D7}.Debug|Any CPU.Build.0 = Debug|Any CPU
		{7D15BB88-E944-46BF-8CA1-DA12818D28D7}.Release|Any CPU.ActiveCfg = Release|Any CPU
		{7D15BB88-E944-46BF-8CA1-DA12818D28D7}.Release|Any CPU.Build.0 = Release|Any CPU
	EndGlobalSection
	GlobalSection(SolutionProperties) = preSolution
		HideSolutionNode = FALSE
	EndGlobalSection
	GlobalSection(ExtensibilityGlobals) = postSolution
		SolutionGuid = {58D34458-29BC-49D6-B266-F4CA5F9034ED}
	EndGlobalSection
EndGlobal
